// !$*UTF8*$!
{
	archiveVersion = 1;
	classes = {
	};
	objectVersion = 50;
	objects = {

/* Begin PBXBuildFile section */
		AFD06AA321E46162008B4C80 /* AppDelegate.swift in Sources */ = {isa = PBXBuildFile; fileRef = AFD06AA221E46162008B4C80 /* AppDelegate.swift */; };
		AFD06AA521E46162008B4C80 /* HomeViewController.swift in Sources */ = {isa = PBXBuildFile; fileRef = AFD06AA421E46162008B4C80 /* HomeViewController.swift */; };
		AFD06AA821E46162008B4C80 /* Main.storyboard in Resources */ = {isa = PBXBuildFile; fileRef = AFD06AA621E46162008B4C80 /* Main.storyboard */; };
		AFD06AAA21E46164008B4C80 /* Assets.xcassets in Resources */ = {isa = PBXBuildFile; fileRef = AFD06AA921E46164008B4C80 /* Assets.xcassets */; };
		AFD06AAD21E46164008B4C80 /* LaunchScreen.storyboard in Resources */ = {isa = PBXBuildFile; fileRef = AFD06AAB21E46164008B4C80 /* LaunchScreen.storyboard */; };
		AFD06AB521E4633D008B4C80 /* VideosPageViewController.swift in Sources */ = {isa = PBXBuildFile; fileRef = AFD06AB421E4633D008B4C80 /* VideosPageViewController.swift */; };
		AFD06AB721E46357008B4C80 /* VideoPlayerViewController.swift in Sources */ = {isa = PBXBuildFile; fileRef = AFD06AB621E46357008B4C80 /* VideoPlayerViewController.swift */; };
		AFD06ABC21E463C2008B4C80 /* VideoPlayerView.swift in Sources */ = {isa = PBXBuildFile; fileRef = AFD06ABA21E463C2008B4C80 /* VideoPlayerView.swift */; };
		AFD06ABD21E463C2008B4C80 /* VideoPlayerView.xib in Resources */ = {isa = PBXBuildFile; fileRef = AFD06ABB21E463C2008B4C80 /* VideoPlayerView.xib */; };
		AFD06AC021E46404008B4C80 /* Video.swift in Sources */ = {isa = PBXBuildFile; fileRef = AFD06ABF21E46404008B4C80 /* Video.swift */; };
		AFD06AC721E46453008B4C80 /* UIViewController+Storyboard.swift in Sources */ = {isa = PBXBuildFile; fileRef = AFD06AC221E46453008B4C80 /* UIViewController+Storyboard.swift */; };
		AFD06AC821E46453008B4C80 /* NibInitable.swift in Sources */ = {isa = PBXBuildFile; fileRef = AFD06AC321E46453008B4C80 /* NibInitable.swift */; };
		AFD06AC921E46453008B4C80 /* Collection+BeforeAfterItem.swift in Sources */ = {isa = PBXBuildFile; fileRef = AFD06AC421E46453008B4C80 /* Collection+BeforeAfterItem.swift */; };
		AFD06ACA21E46453008B4C80 /* UIImageView+Download.swift in Sources */ = {isa = PBXBuildFile; fileRef = AFD06AC521E46453008B4C80 /* UIImageView+Download.swift */; };
		AFD06ACB21E46453008B4C80 /* UIPageViewController+Extension.swift in Sources */ = {isa = PBXBuildFile; fileRef = AFD06AC621E46453008B4C80 /* UIPageViewController+Extension.swift */; };
/* End PBXBuildFile section */

/* Begin PBXFileReference section */
		AFD06A9F21E46162008B4C80 /* PagingVideoPlayer.app */ = {isa = PBXFileReference; explicitFileType = wrapper.application; includeInIndex = 0; path = PagingVideoPlayer.app; sourceTree = BUILT_PRODUCTS_DIR; };
		AFD06AA221E46162008B4C80 /* AppDelegate.swift */ = {isa = PBXFileReference; lastKnownFileType = sourcecode.swift; path = AppDelegate.swift; sourceTree = "<group>"; };
		AFD06AA421E46162008B4C80 /* HomeViewController.swift */ = {isa = PBXFileReference; lastKnownFileType = sourcecode.swift; path = HomeViewController.swift; sourceTree = "<group>"; };
		AFD06AA721E46162008B4C80 /* Base */ = {isa = PBXFileReference; lastKnownFileType = file.storyboard; name = Base; path = Base.lproj/Main.storyboard; sourceTree = "<group>"; };
		AFD06AA921E46164008B4C80 /* Assets.xcassets */ = {isa = PBXFileReference; lastKnownFileType = folder.assetcatalog; path = Assets.xcassets; sourceTree = "<group>"; };
		AFD06AAC21E46164008B4C80 /* Base */ = {isa = PBXFileReference; lastKnownFileType = file.storyboard; name = Base; path = Base.lproj/LaunchScreen.storyboard; sourceTree = "<group>"; };
		AFD06AAE21E46164008B4C80 /* Info.plist */ = {isa = PBXFileReference; lastKnownFileType = text.plist.xml; path = Info.plist; sourceTree = "<group>"; };
		AFD06AB421E4633D008B4C80 /* VideosPageViewController.swift */ = {isa = PBXFileReference; lastKnownFileType = sourcecode.swift; path = VideosPageViewController.swift; sourceTree = "<group>"; };
		AFD06AB621E46357008B4C80 /* VideoPlayerViewController.swift */ = {isa = PBXFileReference; lastKnownFileType = sourcecode.swift; path = VideoPlayerViewController.swift; sourceTree = "<group>"; };
		AFD06ABA21E463C2008B4C80 /* VideoPlayerView.swift */ = {isa = PBXFileReference; fileEncoding = 4; lastKnownFileType = sourcecode.swift; path = VideoPlayerView.swift; sourceTree = "<group>"; };
		AFD06ABB21E463C2008B4C80 /* VideoPlayerView.xib */ = {isa = PBXFileReference; fileEncoding = 4; lastKnownFileType = file.xib; path = VideoPlayerView.xib; sourceTree = "<group>"; };
		AFD06ABF21E46404008B4C80 /* Video.swift */ = {isa = PBXFileReference; fileEncoding = 4; lastKnownFileType = sourcecode.swift; path = Video.swift; sourceTree = "<group>"; };
		AFD06AC221E46453008B4C80 /* UIViewController+Storyboard.swift */ = {isa = PBXFileReference; fileEncoding = 4; lastKnownFileType = sourcecode.swift; path = "UIViewController+Storyboard.swift"; sourceTree = "<group>"; };
		AFD06AC321E46453008B4C80 /* NibInitable.swift */ = {isa = PBXFileReference; fileEncoding = 4; lastKnownFileType = sourcecode.swift; path = NibInitable.swift; sourceTree = "<group>"; };
		AFD06AC421E46453008B4C80 /* Collection+BeforeAfterItem.swift */ = {isa = PBXFileReference; fileEncoding = 4; lastKnownFileType = sourcecode.swift; path = "Collection+BeforeAfterItem.swift"; sourceTree = "<group>"; };
		AFD06AC521E46453008B4C80 /* UIImageView+Download.swift */ = {isa = PBXFileReference; fileEncoding = 4; lastKnownFileType = sourcecode.swift; path = "UIImageView+Download.swift"; sourceTree = "<group>"; };
		AFD06AC621E46453008B4C80 /* UIPageViewController+Extension.swift */ = {isa = PBXFileReference; fileEncoding = 4; lastKnownFileType = sourcecode.swift; path = "UIPageViewController+Extension.swift"; sourceTree = "<group>"; };
/* End PBXFileReference section */

/* Begin PBXFrameworksBuildPhase section */
		AFD06A9C21E46162008B4C80 /* Frameworks */ = {
			isa = PBXFrameworksBuildPhase;
			buildActionMask = 2147483647;
			files = (
			);
			runOnlyForDeploymentPostprocessing = 0;
		};
/* End PBXFrameworksBuildPhase section */

/* Begin PBXGroup section */
		AFD06A9621E46162008B4C80 = {
			isa = PBXGroup;
			children = (
				AFD06AA121E46162008B4C80 /* PagingVideoPlayer */,
				AFD06AA021E46162008B4C80 /* Products */,
			);
			sourceTree = "<group>";
		};
		AFD06AA021E46162008B4C80 /* Products */ = {
			isa = PBXGroup;
			children = (
				AFD06A9F21E46162008B4C80 /* PagingVideoPlayer.app */,
			);
			name = Products;
			sourceTree = "<group>";
		};
		AFD06AA121E46162008B4C80 /* PagingVideoPlayer */ = {
			isa = PBXGroup;
			children = (
				AFD06AA221E46162008B4C80 /* AppDelegate.swift */,
				AFD06ABE21E46404008B4C80 /* Model */,
				AFD06AB921E463C2008B4C80 /* Views */,
				AFD06AB821E4638B008B4C80 /* Controllers */,
				AFD06AC121E46453008B4C80 /* Protocols + Extensions */,
				AFD06AA621E46162008B4C80 /* Main.storyboard */,
				AFD06AA921E46164008B4C80 /* Assets.xcassets */,
				AFD06AAB21E46164008B4C80 /* LaunchScreen.storyboard */,
				AFD06AAE21E46164008B4C80 /* Info.plist */,
			);
			path = PagingVideoPlayer;
			sourceTree = "<group>";
		};
		AFD06AB821E4638B008B4C80 /* Controllers */ = {
			isa = PBXGroup;
			children = (
				AFD06AA421E46162008B4C80 /* HomeViewController.swift */,
				AFD06AB421E4633D008B4C80 /* VideosPageViewController.swift */,
				AFD06AB621E46357008B4C80 /* VideoPlayerViewController.swift */,
			);
			path = Controllers;
			sourceTree = "<group>";
		};
		AFD06AB921E463C2008B4C80 /* Views */ = {
			isa = PBXGroup;
			children = (
				AFD06ABA21E463C2008B4C80 /* VideoPlayerView.swift */,
				AFD06ABB21E463C2008B4C80 /* VideoPlayerView.xib */,
			);
			path = Views;
			sourceTree = "<group>";
		};
		AFD06ABE21E46404008B4C80 /* Model */ = {
			isa = PBXGroup;
			children = (
				AFD06ABF21E46404008B4C80 /* Video.swift */,
			);
			path = Model;
			sourceTree = "<group>";
		};
		AFD06AC121E46453008B4C80 /* Protocols + Extensions */ = {
			isa = PBXGroup;
			children = (
				AFD06AC221E46453008B4C80 /* UIViewController+Storyboard.swift */,
				AFD06AC321E46453008B4C80 /* NibInitable.swift */,
				AFD06AC421E46453008B4C80 /* Collection+BeforeAfterItem.swift */,
				AFD06AC521E46453008B4C80 /* UIImageView+Download.swift */,
				AFD06AC621E46453008B4C80 /* UIPageViewController+Extension.swift */,
			);
			path = "Protocols + Extensions";
			sourceTree = "<group>";
		};
/* End PBXGroup section */

/* Begin PBXNativeTarget section */
		AFD06A9E21E46162008B4C80 /* PagingVideoPlayer */ = {
			isa = PBXNativeTarget;
			buildConfigurationList = AFD06AB121E46164008B4C80 /* Build configuration list for PBXNativeTarget "PagingVideoPlayer" */;
			buildPhases = (
				AFD06A9B21E46162008B4C80 /* Sources */,
				AFD06A9C21E46162008B4C80 /* Frameworks */,
				AFD06A9D21E46162008B4C80 /* Resources */,
			);
			buildRules = (
			);
			dependencies = (
			);
			name = PagingVideoPlayer;
			productName = PagingVideoPlayer;
			productReference = AFD06A9F21E46162008B4C80 /* PagingVideoPlayer.app */;
			productType = "com.apple.product-type.application";
		};
/* End PBXNativeTarget section */

/* Begin PBXProject section */
		AFD06A9721E46162008B4C80 /* Project object */ = {
			isa = PBXProject;
			attributes = {
				LastSwiftUpdateCheck = 1010;
				LastUpgradeCheck = 1010;
				ORGANIZATIONNAME = "Mufakkharul Islam Nayem";
				TargetAttributes = {
					AFD06A9E21E46162008B4C80 = {
						CreatedOnToolsVersion = 10.1;
					};
				};
			};
			buildConfigurationList = AFD06A9A21E46162008B4C80 /* Build configuration list for PBXProject "PagingVideoPlayer" */;
			compatibilityVersion = "Xcode 9.3";
			developmentRegion = en;
			hasScannedForEncodings = 0;
			knownRegions = (
				en,
				Base,
			);
			mainGroup = AFD06A9621E46162008B4C80;
			productRefGroup = AFD06AA021E46162008B4C80 /* Products */;
			projectDirPath = "";
			projectRoot = "";
			targets = (
				AFD06A9E21E46162008B4C80 /* PagingVideoPlayer */,
			);
		};
/* End PBXProject section */

/* Begin PBXResourcesBuildPhase section */
		AFD06A9D21E46162008B4C80 /* Resources */ = {
			isa = PBXResourcesBuildPhase;
			buildActionMask = 2147483647;
			files = (
				AFD06AAD21E46164008B4C80 /* LaunchScreen.storyboard in Resources */,
				AFD06AAA21E46164008B4C80 /* Assets.xcassets in Resources */,
				AFD06AA821E46162008B4C80 /* Main.storyboard in Resources */,
				AFD06ABD21E463C2008B4C80 /* VideoPlayerView.xib in Resources */,
			);
			runOnlyForDeploymentPostprocessing = 0;
		};
/* End PBXResourcesBuildPhase section */

/* Begin PBXSourcesBuildPhase section */
		AFD06A9B21E46162008B4C80 /* Sources */ = {
			isa = PBXSourcesBuildPhase;
			buildActionMask = 2147483647;
			files = (
				AFD06AC921E46453008B4C80 /* Collection+BeforeAfterItem.swift in Sources */,
				AFD06AA521E46162008B4C80 /* HomeViewController.swift in Sources */,
				AFD06ACA21E46453008B4C80 /* UIImageView+Download.swift in Sources */,
				AFD06AB721E46357008B4C80 /* VideoPlayerViewController.swift in Sources */,
				AFD06AA321E46162008B4C80 /* AppDelegate.swift in Sources */,
				AFD06ACB21E46453008B4C80 /* UIPageViewController+Extension.swift in Sources */,
				AFD06AC021E46404008B4C80 /* Video.swift in Sources */,
				AFD06AB521E4633D008B4C80 /* VideosPageViewController.swift in Sources */,
				AFD06AC821E46453008B4C80 /* NibInitable.swift in Sources */,
				AFD06ABC21E463C2008B4C80 /* VideoPlayerView.swift in Sources */,
				AFD06AC721E46453008B4C80 /* UIViewController+Storyboard.swift in Sources */,
			);
			runOnlyForDeploymentPostprocessing = 0;
		};
/* End PBXSourcesBuildPhase section */

/* Begin PBXVariantGroup section */
		AFD06AA621E46162008B4C80 /* Main.storyboard */ = {
			isa = PBXVariantGroup;
			children = (
				AFD06AA721E46162008B4C80 /* Base */,
			);
			name = Main.storyboard;
			sourceTree = "<group>";
		};
		AFD06AAB21E46164008B4C80 /* LaunchScreen.storyboard */ = {
			isa = PBXVariantGroup;
			children = (
				AFD06AAC21E46164008B4C80 /* Base */,
			);
			name = LaunchScreen.storyboard;
			sourceTree = "<group>";
		};
/* End PBXVariantGroup section */

/* Begin XCBuildConfiguration section */
		AFD06AAF21E46164008B4C80 /* Debug */ = {
			isa = XCBuildConfiguration;
			buildSettings = {
				ALWAYS_SEARCH_USER_PATHS = NO;
				CLANG_ANALYZER_NONNULL = YES;
				CLANG_ANALYZER_NUMBER_OBJECT_CONVERSION = YES_AGGRESSIVE;
				CLANG_CXX_LANGUAGE_STANDARD = "gnu++14";
				CLANG_CXX_LIBRARY = "libc++";
				CLANG_ENABLE_MODULES = YES;
				CLANG_ENABLE_OBJC_ARC = YES;
				CLANG_ENABLE_OBJC_WEAK = YES;
				CLANG_WARN_BLOCK_CAPTURE_AUTORELEASING = YES;
				CLANG_WARN_BOOL_CONVERSION = YES;
				CLANG_WARN_COMMA = YES;
				CLANG_WARN_CONSTANT_CONVERSION = YES;
				CLANG_WARN_DEPRECATED_OBJC_IMPLEMENTATIONS = YES;
				CLANG_WARN_DIRECT_OBJC_ISA_USAGE = YES_ERROR;
				CLANG_WARN_DOCUMENTATION_COMMENTS = YES;
				CLANG_WARN_EMPTY_BODY = YES;
				CLANG_WARN_ENUM_CONVERSION = YES;
				CLANG_WARN_INFINITE_RECURSION = YES;
				CLANG_WARN_INT_CONVERSION = YES;
				CLANG_WARN_NON_LITERAL_NULL_CONVERSION = YES;
				CLANG_WARN_OBJC_IMPLICIT_RETAIN_SELF = YES;
				CLANG_WARN_OBJC_LITERAL_CONVERSION = YES;
				CLANG_WARN_OBJC_ROOT_CLASS = YES_ERROR;
				CLANG_WARN_RANGE_LOOP_ANALYSIS = YES;
				CLANG_WARN_STRICT_PROTOTYPES = YES;
				CLANG_WARN_SUSPICIOUS_MOVE = YES;
				CLANG_WARN_UNGUARDED_AVAILABILITY = YES_AGGRESSIVE;
				CLANG_WARN_UNREACHABLE_CODE = YES;
				CLANG_WARN__DUPLICATE_METHOD_MATCH = YES;
				CODE_SIGN_IDENTITY = "iPhone Developer";
				COPY_PHASE_STRIP = NO;
				DEBUG_INFORMATION_FORMAT = dwarf;
				ENABLE_STRICT_OBJC_MSGSEND = YES;
				ENABLE_TESTABILITY = YES;
				GCC_C_LANGUAGE_STANDARD = gnu11;
				GCC_DYNAMIC_NO_PIC = NO;
				GCC_NO_COMMON_BLOCKS = YES;
				GCC_OPTIMIZATION_LEVEL = 0;
				GCC_PREPROCESSOR_DEFINITIONS = (
					"DEBUG=1",
					"$(inherited)",
				);
				GCC_WARN_64_TO_32_BIT_CONVERSION = YES;
				GCC_WARN_ABOUT_RETURN_TYPE = YES_ERROR;
				GCC_WARN_UNDECLARED_SELECTOR = YES;
				GCC_WARN_UNINITIALIZED_AUTOS = YES_AGGRESSIVE;
				GCC_WARN_UNUSED_FUNCTION = YES;
				GCC_WARN_UNUSED_VARIABLE = YES;
				IPHONEOS_DEPLOYMENT_TARGET = 10.0;
				MTL_ENABLE_DEBUG_INFO = INCLUDE_SOURCE;
				MTL_FAST_MATH = YES;
				ONLY_ACTIVE_ARCH = YES;
				SDKROOT = iphoneos;
				SWIFT_ACTIVE_COMPILATION_CONDITIONS = DEBUG;
				SWIFT_OPTIMIZATION_LEVEL = "-Onone";
			};
			name = Debug;
		};
		AFD06AB021E46164008B4C80 /* Release */ = {
			isa = XCBuildConfiguration;
			buildSettings = {
				ALWAYS_SEARCH_USER_PATHS = NO;
				CLANG_ANALYZER_NONNULL = YES;
				CLANG_ANALYZER_NUMBER_OBJECT_CONVERSION = YES_AGGRESSIVE;
				CLANG_CXX_LANGUAGE_STANDARD = "gnu++14";
				CLANG_CXX_LIBRARY = "libc++";
				CLANG_ENABLE_MODULES = YES;
				CLANG_ENABLE_OBJC_ARC = YES;
				CLANG_ENABLE_OBJC_WEAK = YES;
				CLANG_WARN_BLOCK_CAPTURE_AUTORELEASING = YES;
				CLANG_WARN_BOOL_CONVERSION = YES;
				CLANG_WARN_COMMA = YES;
				CLANG_WARN_CONSTANT_CONVERSION = YES;
				CLANG_WARN_DEPRECATED_OBJC_IMPLEMENTATIONS = YES;
				CLANG_WARN_DIRECT_OBJC_ISA_USAGE = YES_ERROR;
				CLANG_WARN_DOCUMENTATION_COMMENTS = YES;
				CLANG_WARN_EMPTY_BODY = YES;
				CLANG_WARN_ENUM_CONVERSION = YES;
				CLANG_WARN_INFINITE_RECURSION = YES;
				CLANG_WARN_INT_CONVERSION = YES;
				CLANG_WARN_NON_LITERAL_NULL_CONVERSION = YES;
				CLANG_WARN_OBJC_IMPLICIT_RETAIN_SELF = YES;
				CLANG_WARN_OBJC_LITERAL_CONVERSION = YES;
				CLANG_WARN_OBJC_ROOT_CLASS = YES_ERROR;
				CLANG_WARN_RANGE_LOOP_ANALYSIS = YES;
				CLANG_WARN_STRICT_PROTOTYPES = YES;
				CLANG_WARN_SUSPICIOUS_MOVE = YES;
				CLANG_WARN_UNGUARDED_AVAILABILITY = YES_AGGRESSIVE;
				CLANG_WARN_UNREACHABLE_CODE = YES;
				CLANG_WARN__DUPLICATE_METHOD_MATCH = YES;
				CODE_SIGN_IDENTITY = "iPhone Developer";
				COPY_PHASE_STRIP = NO;
				DEBUG_INFORMATION_FORMAT = "dwarf-with-dsym";
				ENABLE_NS_ASSERTIONS = NO;
				ENABLE_STRICT_OBJC_MSGSEND = YES;
				GCC_C_LANGUAGE_STANDARD = gnu11;
				GCC_NO_COMMON_BLOCKS = YES;
				GCC_WARN_64_TO_32_BIT_CONVERSION = YES;
				GCC_WARN_ABOUT_RETURN_TYPE = YES_ERROR;
				GCC_WARN_UNDECLARED_SELECTOR = YES;
				GCC_WARN_UNINITIALIZED_AUTOS = YES_AGGRESSIVE;
				GCC_WARN_UNUSED_FUNCTION = YES;
				GCC_WARN_UNUSED_VARIABLE = YES;
				IPHONEOS_DEPLOYMENT_TARGET = 10.0;
				MTL_ENABLE_DEBUG_INFO = NO;
				MTL_FAST_MATH = YES;
				SDKROOT = iphoneos;
				SWIFT_COMPILATION_MODE = wholemodule;
				SWIFT_OPTIMIZATION_LEVEL = "-O";
				VALIDATE_PRODUCT = YES;
			};
			name = Release;
		};
		AFD06AB221E46164008B4C80 /* Debug */ = {
			isa = XCBuildConfiguration;
			buildSettings = {
				ASSETCATALOG_COMPILER_APPICON_NAME = AppIcon;
				CODE_SIGN_STYLE = Automatic;
				DEVELOPMENT_TEAM = EJHMZ3UG6B;
				INFOPLIST_FILE = PagingVideoPlayer/Info.plist;
				LD_RUNPATH_SEARCH_PATHS = (
					"$(inherited)",
					"@executable_path/Frameworks",
				);
				PRODUCT_BUNDLE_IDENTIFIER = com.nayem.PagingVideoPlayer;
				PRODUCT_NAME = "$(TARGET_NAME)";
				SWIFT_VERSION = 4.2;
				TARGETED_DEVICE_FAMILY = "1,2";
			};
			name = Debug;
		};
		AFD06AB321E46164008B4C80 /* Release */ = {
			isa = XCBuildConfiguration;
			buildSettings = {
				ASSETCATALOG_COMPILER_APPICON_NAME = AppIcon;
				CODE_SIGN_STYLE = Automatic;
				DEVELOPMENT_TEAM = EJHMZ3UG6B;
				INFOPLIST_FILE = PagingVideoPlayer/Info.plist;
				LD_RUNPATH_SEARCH_PATHS = (
					"$(inherited)",
					"@executable_path/Frameworks",
				);
				PRODUCT_BUNDLE_IDENTIFIER = com.nayem.PagingVideoPlayer;
				PRODUCT_NAME = "$(TARGET_NAME)";
				SWIFT_VERSION = 4.2;
				TARGETED_DEVICE_FAMILY = "1,2";
			};
			name = Release;
		};
/* End XCBuildConfiguration section */

/* Begin XCConfigurationList section */
		AFD06A9A21E46162008B4C80 /* Build configuration list for PBXProject "PagingVideoPlayer" */ = {
			isa = XCConfigurationList;
			buildConfigurations = (
				AFD06AAF21E46164008B4C80 /* Debug */,
				AFD06AB021E46164008B4C80 /* Release */,
			);
			defaultConfigurationIsVisible = 0;
			defaultConfigurationName = Release;
		};
		AFD06AB121E46164008B4C80 /* Build configuration list for PBXNativeTarget "PagingVideoPlayer" */ = {
			isa = XCConfigurationList;
			buildConfigurations = (
				AFD06AB221E46164008B4C80 /* Debug */,
				AFD06AB321E46164008B4C80 /* Release */,
			);
			defaultConfigurationIsVisible = 0;
			defaultConfigurationName = Release;
		};
/* End XCConfigurationList section */
	};
	rootObject = AFD06A9721E46162008B4C80 /* Project object */;
}
